
Microsoft Visual Studio Solution File, Format Version 12.00
# Visual Studio Version 16
VisualStudioVersion = 16.0.33130.400
MinimumVisualStudioVersion = 10.0.40219.1
Project("{FAE04EC0-301F-11D3-BF4B-00C04F79EFBC}") = "Ex01_01", "Ex01_01\Ex01_01.csproj", "{0CD4BC29-9F6A-4656-8DAE-FACC8609821E}"
EndProject
Project("{FAE04EC0-301F-11D3-BF4B-00C04F79EFBC}") = "Ex01_02", "Ex01_02\Ex01_02.csproj", "{E478CDEE-8BA1-438B-ADAB-CEB69C63BC5E}"
EndProject
Project("{FAE04EC0-301F-11D3-BF4B-00C04F79EFBC}") = "Ex01_03", "Ex01_03\Ex01_03.csproj", "{9C1CE25D-083C-48E6-A2B6-39A21FA8F673}"
EndProject
Project("{FAE04EC0-301F-11D3-BF4B-00C04F79EFBC}") = "Ex01_04", "Ex01_04\Ex01_04.csproj", "{A1A0793E-D84B-4B2F-905E-9D09A0E61C3F}"
EndProject
Project("{FAE04EC0-301F-11D3-BF4B-00C04F79EFBC}") = "Ex01_05", "Ex01_05\Ex01_05.csproj", "{53DB429C-183C-4122-8423-084B2F404D46}"
EndProject
Global
	GlobalSection(SolutionConfigurationPlatforms) = preSolution
		Debug|Any CPU = Debug|Any CPU
		Release|Any CPU = Release|Any CPU
	EndGlobalSection
	GlobalSection(ProjectConfigurationPlatforms) = postSolution
		{0CD4BC29-9F6A-4656-8DAE-FACC8609821E}.Debug|Any CPU.ActiveCfg = Debug|Any CPU
		{0CD4BC29-9F6A-4656-8DAE-FACC8609821E}.Debug|Any CPU.Build.0 = Debug|Any CPU
		{0CD4BC29-9F6A-4656-8DAE-FACC8609821E}.Release|Any CPU.ActiveCfg = Release|Any CPU
		{0CD4BC29-9F6A-4656-8DAE-FACC8609821E}.Release|Any CPU.Build.0 = Release|Any CPU
		{E478CDEE-8BA1-438B-ADAB-CEB69C63BC5E}.Debug|Any CPU.ActiveCfg = Debug|Any CPU
		{E478CDEE-8BA1-438B-ADAB-CEB69C63BC5E}.Debug|Any CPU.Build.0 = Debug|Any CPU
		{E478CDEE-8BA1-438B-ADAB-CEB69C63BC5E}.Release|Any CPU.ActiveCfg = Release|Any CPU
		{E478CDEE-8BA1-438B-ADAB-CEB69C63BC5E}.Release|Any CPU.Build.0 = Release|Any CPU
		{9C1CE25D-083C-48E6-A2B6-39A21FA8F673}.Debug|Any CPU.ActiveCfg = Debug|Any CPU
		{9C1CE25D-083C-48E6-A2B6-39A21FA8F673}.Debug|Any CPU.Build.0 = Debug|Any CPU
		{9C1CE25D-083C-48E6-A2B6-39A21FA8F673}.Release|Any CPU.ActiveCfg = Release|Any CPU
		{9C1CE25D-083C-48E6-A2B6-39A21FA8F673}.Release|Any CPU.Build.0 = Release|Any CPU
		{A1A0793E-D84B-4B2F-905E-9D09A0E61C3F}.Debug|Any CPU.ActiveCfg = Debug|Any CPU
		{A1A0793E-D84B-4B2F-905E-9D09A0E61C3F}.Debug|Any CPU.Build.0 = Debug|Any CPU
		{A1A0793E-D84B-4B2F-905E-9D09A0E61C3F}.Release|Any CPU.ActiveCfg = Release|Any CPU
		{A1A0793E-D84B-4B2F-905E-9D09A0E61C3F}.Release|Any CPU.Build.0 = Release|Any CPU
		{53DB429C-183C-4122-8423-084B2F404D46}.Debug|Any CPU.ActiveCfg = Debug|Any CPU
		{53DB429C-183C-4122-8423-084B2F404D46}.Debug|Any CPU.Build.0 = Debug|Any CPU
		{53DB429C-183C-4122-8423-084B2F404D46}.Release|Any CPU.ActiveCfg = Release|Any CPU
		{53DB429C-183C-4122-8423-084B2F404D46}.Release|Any CPU.Build.0 = Release|Any CPU
	EndGlobalSection
	GlobalSection(SolutionProperties) = preSolution
		HideSolutionNode = FALSE
	EndGlobalSection
	GlobalSection(ExtensibilityGlobals) = postSolution
		SolutionGuid = {976B4728-9498-4C90-ADCA-2A89EDBEAEF1}
	EndGlobalSection
EndGlobal
